{
  "name": "url-to-qr-svg",
  "version": "1.0.0",
  "lockfileVersion": 2,
  "requires": true,
  "packages": {
    "": {
      "name": "url-to-qr-svg",
      "version": "1.0.0",
      "license": "CC0-1.0",
      "devDependencies": {
        "@lemaik/qrcode-svg": "^1.2.0"
      }
    },
    "node_modules/@lemaik/qrcode-svg": {
      "version": "1.2.0",
      "resolved": "https://registry.npmjs.org/@lemaik/qrcode-svg/-/qrcode-svg-1.2.0.tgz",
      "integrity": "sha512-hoHyBTSoJ/13jquM5ZhJm478zS5WaRJR/CQvTOjgV6sTn6sf2kCqG/2pU47E8+unI+Wx4G+FSwteoi6j4llFaw==",
      "dev": true,
      "bin": {
        "qrcode-svg": "bin/qrcode-svg.js"
      }
    }
  },
  "dependencies": {
    "@lemaik/qrcode-svg": {
      "version": "1.2.0",
      "resolved": "https://registry.npmjs.org/@lemaik/qrcode-svg/-/qrcode-svg-1.2.0.tgz",
      "integrity": "sha512-hoHyBTSoJ/13jquM5ZhJm478zS5WaRJR/CQvTOjgV6sTn6sf2kCqG/2pU47E8+unI+Wx4G+FSwteoi6j4llFaw==",
      "dev": true
    }
  }
}
